// !$*UTF8*$!
{
	archiveVersion = 1;
	classes = {
	};
	objectVersion = 46;
	objects = {

/* Begin PBXBuildFile section */
		20B9F60B3792985C84A6AB9B /* libPods-Where.a in Frameworks */ = {isa = PBXBuildFile; fileRef = 10007C4775CE657949623181 /* libPods-Where.a */; };
		A128BBE61DE98EAB00041830 /* GradientRenderer.m in Sources */ = {isa = PBXBuildFile; fileRef = A128BBE51DE98EAB00041830 /* GradientRenderer.m */; };
		A137684E1DE8C4FD007D92F4 /* main.m in Sources */ = {isa = PBXBuildFile; fileRef = A137684D1DE8C4FD007D92F4 /* main.m */; };
		A13768511DE8C4FD007D92F4 /* AppDelegate.m in Sources */ = {isa = PBXBuildFile; fileRef = A13768501DE8C4FD007D92F4 /* AppDelegate.m */; };
		A13768591DE8C4FD007D92F4 /* Assets.xcassets in Resources */ = {isa = PBXBuildFile; fileRef = A13768581DE8C4FD007D92F4 /* Assets.xcassets */; };
		A137685C1DE8C4FD007D92F4 /* LaunchScreen.storyboard in Resources */ = {isa = PBXBuildFile; fileRef = A137685A1DE8C4FD007D92F4 /* LaunchScreen.storyboard */; };
		A155F5351DE8E3F200B4E4BE /* MapController.m in Sources */ = {isa = PBXBuildFile; fileRef = A155F5341DE8E3F200B4E4BE /* MapController.m */; };
		A155F5381DE8E40500B4E4BE /* WhereController.m in Sources */ = {isa = PBXBuildFile; fileRef = A155F5371DE8E40500B4E4BE /* WhereController.m */; };
		A155F53B1DE8E40F00B4E4BE /* WhereAPI.m in Sources */ = {isa = PBXBuildFile; fileRef = A155F53A1DE8E40F00B4E4BE /* WhereAPI.m */; };
/* End PBXBuildFile section */

/* Begin PBXFileReference section */
		10007C4775CE657949623181 /* libPods-Where.a */ = {isa = PBXFileReference; explicitFileType = archive.ar; includeInIndex = 0; path = "libPods-Where.a"; sourceTree = BUILT_PRODUCTS_DIR; };
		4BD7EB71EDCF3B60F58C9803 /* Pods-Where.release.xcconfig */ = {isa = PBXFileReference; includeInIndex = 1; lastKnownFileType = text.xcconfig; name = "Pods-Where.release.xcconfig"; path = "Pods/Target Support Files/Pods-Where/Pods-Where.release.xcconfig"; sourceTree = "<group>"; };
		748BC9DF65F9B38D67EA9E13 /* Pods-Where.debug.xcconfig */ = {isa = PBXFileReference; includeInIndex = 1; lastKnownFileType = text.xcconfig; name = "Pods-Where.debug.xcconfig"; path = "Pods/Target Support Files/Pods-Where/Pods-Where.debug.xcconfig"; sourceTree = "<group>"; };
		A128BBE41DE98EAB00041830 /* GradientRenderer.h */ = {isa = PBXFileReference; fileEncoding = 4; lastKnownFileType = sourcecode.c.h; name = GradientRenderer.h; path = Model/GradientPolygonRenderer/GradientRenderer.h; sourceTree = "<group>"; };
		A128BBE51DE98EAB00041830 /* GradientRenderer.m */ = {isa = PBXFileReference; fileEncoding = 4; lastKnownFileType = sourcecode.c.objc; name = GradientRenderer.m; path = Model/GradientPolygonRenderer/GradientRenderer.m; sourceTree = "<group>"; };
		A13768491DE8C4FD007D92F4 /* Where.app */ = {isa = PBXFileReference; explicitFileType = wrapper.application; includeInIndex = 0; path = Where.app; sourceTree = BUILT_PRODUCTS_DIR; };
		A137684D1DE8C4FD007D92F4 /* main.m */ = {isa = PBXFileReference; lastKnownFileType = sourcecode.c.objc; path = main.m; sourceTree = "<group>"; };
		A137684F1DE8C4FD007D92F4 /* AppDelegate.h */ = {isa = PBXFileReference; lastKnownFileType = sourcecode.c.h; path = AppDelegate.h; sourceTree = "<group>"; };
		A13768501DE8C4FD007D92F4 /* AppDelegate.m */ = {isa = PBXFileReference; lastKnownFileType = sourcecode.c.objc; path = AppDelegate.m; sourceTree = "<group>"; };
		A13768581DE8C4FD007D92F4 /* Assets.xcassets */ = {isa = PBXFileReference; lastKnownFileType = folder.assetcatalog; path = Assets.xcassets; sourceTree = "<group>"; };
		A137685B1DE8C4FD007D92F4 /* Base */ = {isa = PBXFileReference; lastKnownFileType = file.storyboard; name = Base; path = Base.lproj/LaunchScreen.storyboard; sourceTree = "<group>"; };
		A137685D1DE8C4FD007D92F4 /* Info.plist */ = {isa = PBXFileReference; lastKnownFileType = text.plist.xml; path = Info.plist; sourceTree = "<group>"; };
		A155F5331DE8E3F200B4E4BE /* MapController.h */ = {isa = PBXFileReference; fileEncoding = 4; lastKnownFileType = sourcecode.c.h; name = MapController.h; path = Controller/MapController/MapController.h; sourceTree = "<group>"; };
		A155F5341DE8E3F200B4E4BE /* MapController.m */ = {isa = PBXFileReference; fileEncoding = 4; lastKnownFileType = sourcecode.c.objc; name = MapController.m; path = Controller/MapController/MapController.m; sourceTree = "<group>"; };
		A155F5361DE8E40500B4E4BE /* WhereController.h */ = {isa = PBXFileReference; fileEncoding = 4; lastKnownFileType = sourcecode.c.h; name = WhereController.h; path = Controller/WhereController/WhereController.h; sourceTree = "<group>"; };
		A155F5371DE8E40500B4E4BE /* WhereController.m */ = {isa = PBXFileReference; fileEncoding = 4; lastKnownFileType = sourcecode.c.objc; name = WhereController.m; path = Controller/WhereController/WhereController.m; sourceTree = "<group>"; };
		A155F5391DE8E40F00B4E4BE /* WhereAPI.h */ = {isa = PBXFileReference; fileEncoding = 4; lastKnownFileType = sourcecode.c.h; name = WhereAPI.h; path = Model/WhereAPI/WhereAPI.h; sourceTree = "<group>"; };
		A155F53A1DE8E40F00B4E4BE /* WhereAPI.m */ = {isa = PBXFileReference; fileEncoding = 4; lastKnownFileType = sourcecode.c.objc; name = WhereAPI.m; path = Model/WhereAPI/WhereAPI.m; sourceTree = "<group>"; };
/* End PBXFileReference section */

/* Begin PBXFrameworksBuildPhase section */
		A13768461DE8C4FD007D92F4 /* Frameworks */ = {
			isa = PBXFrameworksBuildPhase;
			buildActionMask = 2147483647;
			files = (
				20B9F60B3792985C84A6AB9B /* libPods-Where.a in Frameworks */,
			);
			runOnlyForDeploymentPostprocessing = 0;
		};
/* End PBXFrameworksBuildPhase section */

/* Begin PBXGroup section */
		9936A0256C8D4D5FA6A69679 /* Frameworks */ = {
			isa = PBXGroup;
			children = (
				10007C4775CE657949623181 /* libPods-Where.a */,
			);
			name = Frameworks;
			sourceTree = "<group>";
		};
		A128BBE71DE98EB300041830 /* GradientPolygonRenderer */ = {
			isa = PBXGroup;
			children = (
				A128BBE41DE98EAB00041830 /* GradientRenderer.h */,
				A128BBE51DE98EAB00041830 /* GradientRenderer.m */,
			);
			name = GradientPolygonRenderer;
			sourceTree = "<group>";
		};
		A13768401DE8C4FD007D92F4 = {
			isa = PBXGroup;
			children = (
				A137684B1DE8C4FD007D92F4 /* Where */,
				A137684A1DE8C4FD007D92F4 /* Products */,
				B76A6C61D92024960260695B /* Pods */,
				9936A0256C8D4D5FA6A69679 /* Frameworks */,
			);
			sourceTree = "<group>";
		};
		A137684A1DE8C4FD007D92F4 /* Products */ = {
			isa = PBXGroup;
			children = (
				A13768491DE8C4FD007D92F4 /* Where.app */,
			);
			name = Products;
			sourceTree = "<group>";
		};
		A137684B1DE8C4FD007D92F4 /* Where */ = {
			isa = PBXGroup;
			children = (
				A155F5321DE8E2FA00B4E4BE /* Model */,
				A13768631DE8C6BA007D92F4 /* Controller */,
				A137684C1DE8C4FD007D92F4 /* Supporting Files */,
			);
			path = Where;
			sourceTree = "<group>";
		};
		A137684C1DE8C4FD007D92F4 /* Supporting Files */ = {
			isa = PBXGroup;
			children = (
				A137684F1DE8C4FD007D92F4 /* AppDelegate.h */,
				A13768501DE8C4FD007D92F4 /* AppDelegate.m */,
				A13768581DE8C4FD007D92F4 /* Assets.xcassets */,
				A137685A1DE8C4FD007D92F4 /* LaunchScreen.storyboard */,
				A137685D1DE8C4FD007D92F4 /* Info.plist */,
				A137684D1DE8C4FD007D92F4 /* main.m */,
			);
			name = "Supporting Files";
			sourceTree = "<group>";
		};
		A13768631DE8C6BA007D92F4 /* Controller */ = {
			isa = PBXGroup;
			children = (
				A13768641DE8CC31007D92F4 /* WhereController */,
				A13768681DE8CC47007D92F4 /* MapController */,
			);
			name = Controller;
			sourceTree = "<group>";
		};
		A13768641DE8CC31007D92F4 /* WhereController */ = {
			isa = PBXGroup;
			children = (
				A155F5361DE8E40500B4E4BE /* WhereController.h */,
				A155F5371DE8E40500B4E4BE /* WhereController.m */,
			);
			name = WhereController;
			sourceTree = "<group>";
		};
		A13768681DE8CC47007D92F4 /* MapController */ = {
			isa = PBXGroup;
			children = (
				A155F5331DE8E3F200B4E4BE /* MapController.h */,
				A155F5341DE8E3F200B4E4BE /* MapController.m */,
			);
			name = MapController;
			sourceTree = "<group>";
		};
		A155F5311DE8E2C100B4E4BE /* WhereAPI */ = {
			isa = PBXGroup;
			children = (
				A155F5391DE8E40F00B4E4BE /* WhereAPI.h */,
				A155F53A1DE8E40F00B4E4BE /* WhereAPI.m */,
			);
			name = WhereAPI;
			sourceTree = "<group>";
		};
		A155F5321DE8E2FA00B4E4BE /* Model */ = {
			isa = PBXGroup;
			children = (
				A155F5311DE8E2C100B4E4BE /* WhereAPI */,
				A128BBE71DE98EB300041830 /* GradientPolygonRenderer */,
			);
			name = Model;
			sourceTree = "<group>";
		};
		B76A6C61D92024960260695B /* Pods */ = {
			isa = PBXGroup;
			children = (
				748BC9DF65F9B38D67EA9E13 /* Pods-Where.debug.xcconfig */,
				4BD7EB71EDCF3B60F58C9803 /* Pods-Where.release.xcconfig */,
			);
			name = Pods;
			sourceTree = "<group>";
		};
/* End PBXGroup section */

/* Begin PBXNativeTarget section */
		A13768481DE8C4FD007D92F4 /* Where */ = {
			isa = PBXNativeTarget;
			buildConfigurationList = A13768601DE8C4FD007D92F4 /* Build configuration list for PBXNativeTarget "Where" */;
			buildPhases = (
				E67AA257545F37EB2D3EFF43 /* [CP] Check Pods Manifest.lock */,
				A13768451DE8C4FD007D92F4 /* Sources */,
				A13768461DE8C4FD007D92F4 /* Frameworks */,
				A13768471DE8C4FD007D92F4 /* Resources */,
				80CC9681A8EB7F17B1867982 /* [CP] Embed Pods Frameworks */,
				22F4BF42B6637592AFC3A3C6 /* [CP] Copy Pods Resources */,
			);
			buildRules = (
			);
			dependencies = (
			);
			name = Where;
			productName = Where;
			productReference = A13768491DE8C4FD007D92F4 /* Where.app */;
			productType = "com.apple.product-type.application";
		};
/* End PBXNativeTarget section */

/* Begin PBXProject section */
		A13768411DE8C4FD007D92F4 /* Project object */ = {
			isa = PBXProject;
			attributes = {
				LastUpgradeCheck = 0810;
				ORGANIZATIONNAME = "Daniil Tulin";
				TargetAttributes = {
					A13768481DE8C4FD007D92F4 = {
						CreatedOnToolsVersion = 8.1;
						DevelopmentTeam = 34F67V55EC;
						ProvisioningStyle = Automatic;
					};
				};
			};
			buildConfigurationList = A13768441DE8C4FD007D92F4 /* Build configuration list for PBXProject "Where" */;
			compatibilityVersion = "Xcode 3.2";
			developmentRegion = English;
			hasScannedForEncodings = 0;
			knownRegions = (
				en,
				Base,
			);
			mainGroup = A13768401DE8C4FD007D92F4;
			productRefGroup = A137684A1DE8C4FD007D92F4 /* Products */;
			projectDirPath = "";
			projectRoot = "";
			targets = (
				A13768481DE8C4FD007D92F4 /* Where */,
			);
		};
/* End PBXProject section */

/* Begin PBXResourcesBuildPhase section */
		A13768471DE8C4FD007D92F4 /* Resources */ = {
			isa = PBXResourcesBuildPhase;
			buildActionMask = 2147483647;
			files = (
				A137685C1DE8C4FD007D92F4 /* LaunchScreen.storyboard in Resources */,
				A13768591DE8C4FD007D92F4 /* Assets.xcassets in Resources */,
			);
			runOnlyForDeploymentPostprocessing = 0;
		};
/* End PBXResourcesBuildPhase section */

/* Begin PBXShellScriptBuildPhase section */
		22F4BF42B6637592AFC3A3C6 /* [CP] Copy Pods Resources */ = {
			isa = PBXShellScriptBuildPhase;
			buildActionMask = 2147483647;
			files = (
			);
			inputPaths = (
			);
			name = "[CP] Copy Pods Resources";
			outputPaths = (
			);
			runOnlyForDeploymentPostprocessing = 0;
			shellPath = /bin/sh;
			shellScript = "\"${SRCROOT}/Pods/Target Support Files/Pods-Where/Pods-Where-resources.sh\"\n";
			showEnvVarsInLog = 0;
		};
		80CC9681A8EB7F17B1867982 /* [CP] Embed Pods Frameworks */ = {
			isa = PBXShellScriptBuildPhase;
			buildActionMask = 2147483647;
			files = (
			);
			inputPaths = (
			);
			name = "[CP] Embed Pods Frameworks";
			outputPaths = (
			);
			runOnlyForDeploymentPostprocessing = 0;
			shellPath = /bin/sh;
			shellScript = "\"${SRCROOT}/Pods/Target Support Files/Pods-Where/Pods-Where-frameworks.sh\"\n";
			showEnvVarsInLog = 0;
		};
		E67AA257545F37EB2D3EFF43 /* [CP] Check Pods Manifest.lock */ = {
			isa = PBXShellScriptBuildPhase;
			buildActionMask = 2147483647;
			files = (
			);
			inputPaths = (
			);
			name = "[CP] Check Pods Manifest.lock";
			outputPaths = (
			);
			runOnlyForDeploymentPostprocessing = 0;
			shellPath = /bin/sh;
			shellScript = "diff \"${PODS_ROOT}/../Podfile.lock\" \"${PODS_ROOT}/Manifest.lock\" > /dev/null\nif [ $? != 0 ] ; then\n    # print error to STDERR\n    echo \"error: The sandbox is not in sync with the Podfile.lock. Run 'pod install' or update your CocoaPods installation.\" >&2\n    exit 1\nfi\n";
			showEnvVarsInLog = 0;
		};
/* End PBXShellScriptBuildPhase section */

/* Begin PBXSourcesBuildPhase section */
		A13768451DE8C4FD007D92F4 /* Sources */ = {
			isa = PBXSourcesBuildPhase;
			buildActionMask = 2147483647;
			files = (
				A13768511DE8C4FD007D92F4 /* AppDelegate.m in Sources */,
				A128BBE61DE98EAB00041830 /* GradientRenderer.m in Sources */,
				A155F5351DE8E3F200B4E4BE /* MapController.m in Sources */,
				A137684E1DE8C4FD007D92F4 /* main.m in Sources */,
				A155F53B1DE8E40F00B4E4BE /* WhereAPI.m in Sources */,
				A155F5381DE8E40500B4E4BE /* WhereController.m in Sources */,
			);
			runOnlyForDeploymentPostprocessing = 0;
		};
/* End PBXSourcesBuildPhase section */

/* Begin PBXVariantGroup section */
		A137685A1DE8C4FD007D92F4 /* LaunchScreen.storyboard */ = {
			isa = PBXVariantGroup;
			children = (
				A137685B1DE8C4FD007D92F4 /* Base */,
			);
			name = LaunchScreen.storyboard;
			sourceTree = "<group>";
		};
/* End PBXVariantGroup section */

/* Begin XCBuildConfiguration section */
		A137685E1DE8C4FD007D92F4 /* Debug */ = {
			isa = XCBuildConfiguration;
			buildSettings = {
				ALWAYS_SEARCH_USER_PATHS = NO;
				CLANG_ANALYZER_NONNULL = YES;
				CLANG_CXX_LANGUAGE_STANDARD = "gnu++0x";
				CLANG_CXX_LIBRARY = "libc++";
				CLANG_ENABLE_MODULES = YES;
				CLANG_ENABLE_OBJC_ARC = YES;
				CLANG_WARN_BOOL_CONVERSION = YES;
				CLANG_WARN_CONSTANT_CONVERSION = YES;
				CLANG_WARN_DIRECT_OBJC_ISA_USAGE = YES_ERROR;
				CLANG_WARN_DOCUMENTATION_COMMENTS = YES;
				CLANG_WARN_EMPTY_BODY = YES;
				CLANG_WARN_ENUM_CONVERSION = YES;
				CLANG_WARN_INFINITE_RECURSION = YES;
				CLANG_WARN_INT_CONVERSION = YES;
				CLANG_WARN_OBJC_ROOT_CLASS = YES_ERROR;
				CLANG_WARN_SUSPICIOUS_MOVES = YES;
				CLANG_WARN_UNREACHABLE_CODE = YES;
				CLANG_WARN__DUPLICATE_METHOD_MATCH = YES;
				"CODE_SIGN_IDENTITY[sdk=iphoneos*]" = "iPhone Developer";
				COPY_PHASE_STRIP = NO;
				DEBUG_INFORMATION_FORMAT = dwarf;
				ENABLE_STRICT_OBJC_MSGSEND = YES;
				ENABLE_TESTABILITY = YES;
				GCC_C_LANGUAGE_STANDARD = gnu99;
				GCC_DYNAMIC_NO_PIC = NO;
				GCC_NO_COMMON_BLOCKS = YES;
				GCC_OPTIMIZATION_LEVEL = 0;
				GCC_PREPROCESSOR_DEFINITIONS = (
					"DEBUG=1",
					"$(inherited)",
				);
				GCC_WARN_64_TO_32_BIT_CONVERSION = YES;
				GCC_WARN_ABOUT_RETURN_TYPE = YES_ERROR;
				GCC_WARN_UNDECLARED_SELECTOR = YES;
				GCC_WARN_UNINITIALIZED_AUTOS = YES_AGGRESSIVE;
				GCC_WARN_UNUSED_FUNCTION = YES;
				GCC_WARN_UNUSED_VARIABLE = YES;
				IPHONEOS_DEPLOYMENT_TARGET = 10.1;
				MTL_ENABLE_DEBUG_INFO = YES;
				ONLY_ACTIVE_ARCH = YES;
				SDKROOT = iphoneos;
			};
			name = Debug;
		};
		A137685F1DE8C4FD007D92F4 /* Release */ = {
			isa = XCBuildConfiguration;
			buildSettings = {
				ALWAYS_SEARCH_USER_PATHS = NO;
				CLANG_ANALYZER_NONNULL = YES;
				CLANG_CXX_LANGUAGE_STANDARD = "gnu++0x";
				CLANG_CXX_LIBRARY = "libc++";
				CLANG_ENABLE_MODULES = YES;
				CLANG_ENABLE_OBJC_ARC = YES;
				CLANG_WARN_BOOL_CONVERSION = YES;
				CLANG_WARN_CONSTANT_CONVERSION = YES;
				CLANG_WARN_DIRECT_OBJC_ISA_USAGE = YES_ERROR;
				CLANG_WARN_DOCUMENTATION_COMMENTS = YES;
				CLANG_WARN_EMPTY_BODY = YES;
				CLANG_WARN_ENUM_CONVERSION = YES;
				CLANG_WARN_INFINITE_RECURSION = YES;
				CLANG_WARN_INT_CONVERSION = YES;
				CLANG_WARN_OBJC_ROOT_CLASS = YES_ERROR;
				CLANG_WARN_SUSPICIOUS_MOVES = YES;
				CLANG_WARN_UNREACHABLE_CODE = YES;
				CLANG_WARN__DUPLICATE_METHOD_MATCH = YES;
				"CODE_SIGN_IDENTITY[sdk=iphoneos*]" = "iPhone Developer";
				COPY_PHASE_STRIP = NO;
				DEBUG_INFORMATION_FORMAT = "dwarf-with-dsym";
				ENABLE_NS_ASSERTIONS = NO;
				ENABLE_STRICT_OBJC_MSGSEND = YES;
				GCC_C_LANGUAGE_STANDARD = gnu99;
				GCC_NO_COMMON_BLOCKS = YES;
				GCC_WARN_64_TO_32_BIT_CONVERSION = YES;
				GCC_WARN_ABOUT_RETURN_TYPE = YES_ERROR;
				GCC_WARN_UNDECLARED_SELECTOR = YES;
				GCC_WARN_UNINITIALIZED_AUTOS = YES_AGGRESSIVE;
				GCC_WARN_UNUSED_FUNCTION = YES;
				GCC_WARN_UNUSED_VARIABLE = YES;
				IPHONEOS_DEPLOYMENT_TARGET = 10.1;
				MTL_ENABLE_DEBUG_INFO = NO;
				SDKROOT = iphoneos;
				VALIDATE_PRODUCT = YES;
			};
			name = Release;
		};
		A13768611DE8C4FD007D92F4 /* Debug */ = {
			isa = XCBuildConfiguration;
			baseConfigurationReference = 748BC9DF65F9B38D67EA9E13 /* Pods-Where.debug.xcconfig */;
			buildSettings = {
				ASSETCATALOG_COMPILER_APPICON_NAME = AppIcon;
				DEVELOPMENT_TEAM = 34F67V55EC;
				INFOPLIST_FILE = Where/Info.plist;
				IPHONEOS_DEPLOYMENT_TARGET = 9.0;
				LD_RUNPATH_SEARCH_PATHS = "$(inherited) @executable_path/Frameworks";
				PRODUCT_BUNDLE_IDENTIFIER = com.tulindanil.Where;
				PRODUCT_NAME = "$(TARGET_NAME)";
				TARGETED_DEVICE_FAMILY = 2;
			};
			name = Debug;
		};
		A13768621DE8C4FD007D92F4 /* Release */ = {
			isa = XCBuildConfiguration;
			baseConfigurationReference = 4BD7EB71EDCF3B60F58C9803 /* Pods-Where.release.xcconfig */;
			buildSettings = {
				ASSETCATALOG_COMPILER_APPICON_NAME = AppIcon;
				DEVELOPMENT_TEAM = 34F67V55EC;
				INFOPLIST_FILE = Where/Info.plist;
				IPHONEOS_DEPLOYMENT_TARGET = 9.0;
				LD_RUNPATH_SEARCH_PATHS = "$(inherited) @executable_path/Frameworks";
				PRODUCT_BUNDLE_IDENTIFIER = com.tulindanil.Where;
				PRODUCT_NAME = "$(TARGET_NAME)";
				TARGETED_DEVICE_FAMILY = 2;
			};
			name = Release;
		};
/* End XCBuildConfiguration section */

/* Begin XCConfigurationList section */
		A13768441DE8C4FD007D92F4 /* Build configuration list for PBXProject "Where" */ = {
			isa = XCConfigurationList;
			buildConfigurations = (
				A137685E1DE8C4FD007D92F4 /* Debug */,
				A137685F1DE8C4FD007D92F4 /* Release */,
			);
			defaultConfigurationIsVisible = 0;
			defaultConfigurationName = Release;
		};
		A13768601DE8C4FD007D92F4 /* Build configuration list for PBXNativeTarget "Where" */ = {
			isa = XCConfigurationList;
			buildConfigurations = (
				A13768611DE8C4FD007D92F4 /* Debug */,
				A13768621DE8C4FD007D92F4 /* Release */,
			);
			defaultConfigurationIsVisible = 0;
			defaultConfigurationName = Release;
		};
/* End XCConfigurationList section */
	};
	rootObject = A13768411DE8C4FD007D92F4 /* Project object */;
}
